// !$*UTF8*$!
{
	archiveVersion = 1;
	classes = {
	};
	objectVersion = 50;
	objects = {

/* Begin PBXBuildFile section */
		42F11AA3262677C20079CE7B /* AppDelegate.swift in Sources */ = {isa = PBXBuildFile; fileRef = 42F11AA2262677C20079CE7B /* AppDelegate.swift */; };
		42F11AA5262677C20079CE7B /* SceneDelegate.swift in Sources */ = {isa = PBXBuildFile; fileRef = 42F11AA4262677C20079CE7B /* SceneDelegate.swift */; };
		42F11AA7262677C20079CE7B /* ContentView.swift in Sources */ = {isa = PBXBuildFile; fileRef = 42F11AA6262677C20079CE7B /* ContentView.swift */; };
		42F11AA9262677C30079CE7B /* Assets.xcassets in Resources */ = {isa = PBXBuildFile; fileRef = 42F11AA8262677C30079CE7B /* Assets.xcassets */; };
		42F11AAC262677C30079CE7B /* Preview Assets.xcassets in Resources */ = {isa = PBXBuildFile; fileRef = 42F11AAB262677C30079CE7B /* Preview Assets.xcassets */; };
		42F11AAF262677C30079CE7B /* LaunchScreen.storyboard in Resources */ = {isa = PBXBuildFile; fileRef = 42F11AAD262677C30079CE7B /* LaunchScreen.storyboard */; };
		42F11ABA262677C30079CE7B /* TestCloudKitFeatureFlagsiOSTests.swift in Sources */ = {isa = PBXBuildFile; fileRef = 42F11AB9262677C30079CE7B /* TestCloudKitFeatureFlagsiOSTests.swift */; };
		42F11AC5262677C30079CE7B /* TestCloudKitFeatureFlagsiOSUITests.swift in Sources */ = {isa = PBXBuildFile; fileRef = 42F11AC4262677C30079CE7B /* TestCloudKitFeatureFlagsiOSUITests.swift */; };
/* End PBXBuildFile section */

/* Begin PBXContainerItemProxy section */
		42F11AB6262677C30079CE7B /* PBXContainerItemProxy */ = {
			isa = PBXContainerItemProxy;
			containerPortal = 42F11A97262677C20079CE7B /* Project object */;
			proxyType = 1;
			remoteGlobalIDString = 42F11A9E262677C20079CE7B;
			remoteInfo = TestCloudKitFeatureFlagsiOS;
		};
		42F11AC1262677C30079CE7B /* PBXContainerItemProxy */ = {
			isa = PBXContainerItemProxy;
			containerPortal = 42F11A97262677C20079CE7B /* Project object */;
			proxyType = 1;
			remoteGlobalIDString = 42F11A9E262677C20079CE7B;
			remoteInfo = TestCloudKitFeatureFlagsiOS;
		};
/* End PBXContainerItemProxy section */

/* Begin PBXFileReference section */
		42F11A9F262677C20079CE7B /* TestCloudKitFeatureFlagsiOS.app */ = {isa = PBXFileReference; explicitFileType = wrapper.application; includeInIndex = 0; path = TestCloudKitFeatureFlagsiOS.app; sourceTree = BUILT_PRODUCTS_DIR; };
		42F11AA2262677C20079CE7B /* AppDelegate.swift */ = {isa = PBXFileReference; lastKnownFileType = sourcecode.swift; path = AppDelegate.swift; sourceTree = "<group>"; };
		42F11AA4262677C20079CE7B /* SceneDelegate.swift */ = {isa = PBXFileReference; lastKnownFileType = sourcecode.swift; path = SceneDelegate.swift; sourceTree = "<group>"; };
		42F11AA6262677C20079CE7B /* ContentView.swift */ = {isa = PBXFileReference; lastKnownFileType = sourcecode.swift; path = ContentView.swift; sourceTree = "<group>"; };
		42F11AA8262677C30079CE7B /* Assets.xcassets */ = {isa = PBXFileReference; lastKnownFileType = folder.assetcatalog; path = Assets.xcassets; sourceTree = "<group>"; };
		42F11AAB262677C30079CE7B /* Preview Assets.xcassets */ = {isa = PBXFileReference; lastKnownFileType = folder.assetcatalog; path = "Preview Assets.xcassets"; sourceTree = "<group>"; };
		42F11AAE262677C30079CE7B /* Base */ = {isa = PBXFileReference; lastKnownFileType = file.storyboard; name = Base; path = Base.lproj/LaunchScreen.storyboard; sourceTree = "<group>"; };
		42F11AB0262677C30079CE7B /* Info.plist */ = {isa = PBXFileReference; lastKnownFileType = text.plist.xml; path = Info.plist; sourceTree = "<group>"; };
		42F11AB5262677C30079CE7B /* TestCloudKitFeatureFlagsiOSTests.xctest */ = {isa = PBXFileReference; explicitFileType = wrapper.cfbundle; includeInIndex = 0; path = TestCloudKitFeatureFlagsiOSTests.xctest; sourceTree = BUILT_PRODUCTS_DIR; };
		42F11AB9262677C30079CE7B /* TestCloudKitFeatureFlagsiOSTests.swift */ = {isa = PBXFileReference; lastKnownFileType = sourcecode.swift; path = TestCloudKitFeatureFlagsiOSTests.swift; sourceTree = "<group>"; };
		42F11ABB262677C30079CE7B /* Info.plist */ = {isa = PBXFileReference; lastKnownFileType = text.plist.xml; path = Info.plist; sourceTree = "<group>"; };
		42F11AC0262677C30079CE7B /* TestCloudKitFeatureFlagsiOSUITests.xctest */ = {isa = PBXFileReference; explicitFileType = wrapper.cfbundle; includeInIndex = 0; path = TestCloudKitFeatureFlagsiOSUITests.xctest; sourceTree = BUILT_PRODUCTS_DIR; };
		42F11AC4262677C30079CE7B /* TestCloudKitFeatureFlagsiOSUITests.swift */ = {isa = PBXFileReference; lastKnownFileType = sourcecode.swift; path = TestCloudKitFeatureFlagsiOSUITests.swift; sourceTree = "<group>"; };
		42F11AC6262677C30079CE7B /* Info.plist */ = {isa = PBXFileReference; lastKnownFileType = text.plist.xml; path = Info.plist; sourceTree = "<group>"; };
/* End PBXFileReference section */

/* Begin PBXFrameworksBuildPhase section */
		42F11A9C262677C20079CE7B /* Frameworks */ = {
			isa = PBXFrameworksBuildPhase;
			buildActionMask = 2147483647;
			files = (
			);
			runOnlyForDeploymentPostprocessing = 0;
		};
		42F11AB2262677C30079CE7B /* Frameworks */ = {
			isa = PBXFrameworksBuildPhase;
			buildActionMask = 2147483647;
			files = (
			);
			runOnlyForDeploymentPostprocessing = 0;
		};
		42F11ABD262677C30079CE7B /* Frameworks */ = {
			isa = PBXFrameworksBuildPhase;
			buildActionMask = 2147483647;
			files = (
			);
			runOnlyForDeploymentPostprocessing = 0;
		};
/* End PBXFrameworksBuildPhase section */

/* Begin PBXGroup section */
		42F11A96262677C20079CE7B = {
			isa = PBXGroup;
			children = (
				42F11AA1262677C20079CE7B /* TestCloudKitFeatureFlagsiOS */,
				42F11AB8262677C30079CE7B /* TestCloudKitFeatureFlagsiOSTests */,
				42F11AC3262677C30079CE7B /* TestCloudKitFeatureFlagsiOSUITests */,
				42F11AA0262677C20079CE7B /* Products */,
			);
			sourceTree = "<group>";
		};
		42F11AA0262677C20079CE7B /* Products */ = {
			isa = PBXGroup;
			children = (
				42F11A9F262677C20079CE7B /* TestCloudKitFeatureFlagsiOS.app */,
				42F11AB5262677C30079CE7B /* TestCloudKitFeatureFlagsiOSTests.xctest */,
				42F11AC0262677C30079CE7B /* TestCloudKitFeatureFlagsiOSUITests.xctest */,
			);
			name = Products;
			sourceTree = "<group>";
		};
		42F11AA1262677C20079CE7B /* TestCloudKitFeatureFlagsiOS */ = {
			isa = PBXGroup;
			children = (
				42F11AA2262677C20079CE7B /* AppDelegate.swift */,
				42F11AA4262677C20079CE7B /* SceneDelegate.swift */,
				42F11AA6262677C20079CE7B /* ContentView.swift */,
				42F11AA8262677C30079CE7B /* Assets.xcassets */,
				42F11AAD262677C30079CE7B /* LaunchScreen.storyboard */,
				42F11AB0262677C30079CE7B /* Info.plist */,
				42F11AAA262677C30079CE7B /* Preview Content */,
			);
			path = TestCloudKitFeatureFlagsiOS;
			sourceTree = "<group>";
		};
		42F11AAA262677C30079CE7B /* Preview Content */ = {
			isa = PBXGroup;
			children = (
				42F11AAB262677C30079CE7B /* Preview Assets.xcassets */,
			);
			path = "Preview Content";
			sourceTree = "<group>";
		};
		42F11AB8262677C30079CE7B /* TestCloudKitFeatureFlagsiOSTests */ = {
			isa = PBXGroup;
			children = (
				42F11AB9262677C30079CE7B /* TestCloudKitFeatureFlagsiOSTests.swift */,
				42F11ABB262677C30079CE7B /* Info.plist */,
			);
			path = TestCloudKitFeatureFlagsiOSTests;
			sourceTree = "<group>";
		};
		42F11AC3262677C30079CE7B /* TestCloudKitFeatureFlagsiOSUITests */ = {
			isa = PBXGroup;
			children = (
				42F11AC4262677C30079CE7B /* TestCloudKitFeatureFlagsiOSUITests.swift */,
				42F11AC6262677C30079CE7B /* Info.plist */,
			);
			path = TestCloudKitFeatureFlagsiOSUITests;
			sourceTree = "<group>";
		};
/* End PBXGroup section */

/* Begin PBXNativeTarget section */
		42F11A9E262677C20079CE7B /* TestCloudKitFeatureFlagsiOS */ = {
			isa = PBXNativeTarget;
			buildConfigurationList = 42F11AC9262677C40079CE7B /* Build configuration list for PBXNativeTarget "TestCloudKitFeatureFlagsiOS" */;
			buildPhases = (
				42F11A9B262677C20079CE7B /* Sources */,
				42F11A9C262677C20079CE7B /* Frameworks */,
				42F11A9D262677C20079CE7B /* Resources */,
			);
			buildRules = (
			);
			dependencies = (
			);
			name = TestCloudKitFeatureFlagsiOS;
			productName = TestCloudKitFeatureFlagsiOS;
			productReference = 42F11A9F262677C20079CE7B /* TestCloudKitFeatureFlagsiOS.app */;
			productType = "com.apple.product-type.application";
		};
		42F11AB4262677C30079CE7B /* TestCloudKitFeatureFlagsiOSTests */ = {
			isa = PBXNativeTarget;
			buildConfigurationList = 42F11ACC262677C40079CE7B /* Build configuration list for PBXNativeTarget "TestCloudKitFeatureFlagsiOSTests" */;
			buildPhases = (
				42F11AB1262677C30079CE7B /* Sources */,
				42F11AB2262677C30079CE7B /* Frameworks */,
				42F11AB3262677C30079CE7B /* Resources */,
			);
			buildRules = (
			);
			dependencies = (
				42F11AB7262677C30079CE7B /* PBXTargetDependency */,
			);
			name = TestCloudKitFeatureFlagsiOSTests;
			productName = TestCloudKitFeatureFlagsiOSTests;
			productReference = 42F11AB5262677C30079CE7B /* TestCloudKitFeatureFlagsiOSTests.xctest */;
			productType = "com.apple.product-type.bundle.unit-test";
		};
		42F11ABF262677C30079CE7B /* TestCloudKitFeatureFlagsiOSUITests */ = {
			isa = PBXNativeTarget;
			buildConfigurationList = 42F11ACF262677C40079CE7B /* Build configuration list for PBXNativeTarget "TestCloudKitFeatureFlagsiOSUITests" */;
			buildPhases = (
				42F11ABC262677C30079CE7B /* Sources */,
				42F11ABD262677C30079CE7B /* Frameworks */,
				42F11ABE262677C30079CE7B /* Resources */,
			);
			buildRules = (
			);
			dependencies = (
				42F11AC2262677C30079CE7B /* PBXTargetDependency */,
			);
			name = TestCloudKitFeatureFlagsiOSUITests;
			productName = TestCloudKitFeatureFlagsiOSUITests;
			productReference = 42F11AC0262677C30079CE7B /* TestCloudKitFeatureFlagsiOSUITests.xctest */;
			productType = "com.apple.product-type.bundle.ui-testing";
		};
/* End PBXNativeTarget section */

/* Begin PBXProject section */
		42F11A97262677C20079CE7B /* Project object */ = {
			isa = PBXProject;
			attributes = {
				LastSwiftUpdateCheck = 1240;
				LastUpgradeCheck = 1240;
				TargetAttributes = {
					42F11A9E262677C20079CE7B = {
						CreatedOnToolsVersion = 12.4;
					};
					42F11AB4262677C30079CE7B = {
						CreatedOnToolsVersion = 12.4;
						TestTargetID = 42F11A9E262677C20079CE7B;
					};
					42F11ABF262677C30079CE7B = {
						CreatedOnToolsVersion = 12.4;
						TestTargetID = 42F11A9E262677C20079CE7B;
					};
				};
			};
			buildConfigurationList = 42F11A9A262677C20079CE7B /* Build configuration list for PBXProject "TestCloudKitFeatureFlagsiOS" */;
			compatibilityVersion = "Xcode 9.3";
			developmentRegion = en;
			hasScannedForEncodings = 0;
			knownRegions = (
				en,
				Base,
			);
			mainGroup = 42F11A96262677C20079CE7B;
			productRefGroup = 42F11AA0262677C20079CE7B /* Products */;
			projectDirPath = "";
			projectRoot = "";
			targets = (
				42F11A9E262677C20079CE7B /* TestCloudKitFeatureFlagsiOS */,
				42F11AB4262677C30079CE7B /* TestCloudKitFeatureFlagsiOSTests */,
				42F11ABF262677C30079CE7B /* TestCloudKitFeatureFlagsiOSUITests */,
			);
		};
/* End PBXProject section */

/* Begin PBXResourcesBuildPhase section */
		42F11A9D262677C20079CE7B /* Resources */ = {
			isa = PBXResourcesBuildPhase;
			buildActionMask = 2147483647;
			files = (
				42F11AAF262677C30079CE7B /* LaunchScreen.storyboard in Resources */,
				42F11AAC262677C30079CE7B /* Preview Assets.xcassets in Resources */,
				42F11AA9262677C30079CE7B /* Assets.xcassets in Resources */,
			);
			runOnlyForDeploymentPostprocessing = 0;
		};
		42F11AB3262677C30079CE7B /* Resources */ = {
			isa = PBXResourcesBuildPhase;
			buildActionMask = 2147483647;
			files = (
			);
			runOnlyForDeploymentPostprocessing = 0;
		};
		42F11ABE262677C30079CE7B /* Resources */ = {
			isa = PBXResourcesBuildPhase;
			buildActionMask = 2147483647;
			files = (
			);
			runOnlyForDeploymentPostprocessing = 0;
		};
/* End PBXResourcesBuildPhase section */

/* Begin PBXSourcesBuildPhase section */
		42F11A9B262677C20079CE7B /* Sources */ = {
			isa = PBXSourcesBuildPhase;
			buildActionMask = 2147483647;
			files = (
				42F11AA3262677C20079CE7B /* AppDelegate.swift in Sources */,
				42F11AA5262677C20079CE7B /* SceneDelegate.swift in Sources */,
				42F11AA7262677C20079CE7B /* ContentView.swift in Sources */,
			);
			runOnlyForDeploymentPostprocessing = 0;
		};
		42F11AB1262677C30079CE7B /* Sources */ = {
			isa = PBXSourcesBuildPhase;
			buildActionMask = 2147483647;
			files = (
				42F11ABA262677C30079CE7B /* TestCloudKitFeatureFlagsiOSTests.swift in Sources */,
			);
			runOnlyForDeploymentPostprocessing = 0;
		};
		42F11ABC262677C30079CE7B /* Sources */ = {
			isa = PBXSourcesBuildPhase;
			buildActionMask = 2147483647;
			files = (
				42F11AC5262677C30079CE7B /* TestCloudKitFeatureFlagsiOSUITests.swift in Sources */,
			);
			runOnlyForDeploymentPostprocessing = 0;
		};
/* End PBXSourcesBuildPhase section */

/* Begin PBXTargetDependency section */
		42F11AB7262677C30079CE7B /* PBXTargetDependency */ = {
			isa = PBXTargetDependency;
			target = 42F11A9E262677C20079CE7B /* TestCloudKitFeatureFlagsiOS */;
			targetProxy = 42F11AB6262677C30079CE7B /* PBXContainerItemProxy */;
		};
		42F11AC2262677C30079CE7B /* PBXTargetDependency */ = {
			isa = PBXTargetDependency;
			target = 42F11A9E262677C20079CE7B /* TestCloudKitFeatureFlagsiOS */;
			targetProxy = 42F11AC1262677C30079CE7B /* PBXContainerItemProxy */;
		};
/* End PBXTargetDependency section */

/* Begin PBXVariantGroup section */
		42F11AAD262677C30079CE7B /* LaunchScreen.storyboard */ = {
			isa = PBXVariantGroup;
			children = (
				42F11AAE262677C30079CE7B /* Base */,
			);
			name = LaunchScreen.storyboard;
			sourceTree = "<group>";
		};
/* End PBXVariantGroup section */

/* Begin XCBuildConfiguration section */
		42F11AC7262677C40079CE7B /* Debug */ = {
			isa = XCBuildConfiguration;
			buildSettings = {
				ALWAYS_SEARCH_USER_PATHS = NO;
				CLANG_ANALYZER_NONNULL = YES;
				CLANG_ANALYZER_NUMBER_OBJECT_CONVERSION = YES_AGGRESSIVE;
				CLANG_CXX_LANGUAGE_STANDARD = "gnu++14";
				CLANG_CXX_LIBRARY = "libc++";
				CLANG_ENABLE_MODULES = YES;
				CLANG_ENABLE_OBJC_ARC = YES;
				CLANG_ENABLE_OBJC_WEAK = YES;
				CLANG_WARN_BLOCK_CAPTURE_AUTORELEASING = YES;
				CLANG_WARN_BOOL_CONVERSION = YES;
				CLANG_WARN_COMMA = YES;
				CLANG_WARN_CONSTANT_CONVERSION = YES;
				CLANG_WARN_DEPRECATED_OBJC_IMPLEMENTATIONS = YES;
				CLANG_WARN_DIRECT_OBJC_ISA_USAGE = YES_ERROR;
				CLANG_WARN_DOCUMENTATION_COMMENTS = YES;
				CLANG_WARN_EMPTY_BODY = YES;
				CLANG_WARN_ENUM_CONVERSION = YES;
				CLANG_WARN_INFINITE_RECURSION = YES;
				CLANG_WARN_INT_CONVERSION = YES;
				CLANG_WARN_NON_LITERAL_NULL_CONVERSION = YES;
				CLANG_WARN_OBJC_IMPLICIT_RETAIN_SELF = YES;
				CLANG_WARN_OBJC_LITERAL_CONVERSION = YES;
				CLANG_WARN_OBJC_ROOT_CLASS = YES_ERROR;
				CLANG_WARN_QUOTED_INCLUDE_IN_FRAMEWORK_HEADER = YES;
				CLANG_WARN_RANGE_LOOP_ANALYSIS = YES;
				CLANG_WARN_STRICT_PROTOTYPES = YES;
				CLANG_WARN_SUSPICIOUS_MOVE = YES;
				CLANG_WARN_UNGUARDED_AVAILABILITY = YES_AGGRESSIVE;
				CLANG_WARN_UNREACHABLE_CODE = YES;
				CLANG_WARN__DUPLICATE_METHOD_MATCH = YES;
				COPY_PHASE_STRIP = NO;
				DEBUG_INFORMATION_FORMAT = dwarf;
				ENABLE_STRICT_OBJC_MSGSEND = YES;
				ENABLE_TESTABILITY = YES;
				GCC_C_LANGUAGE_STANDARD = gnu11;
				GCC_DYNAMIC_NO_PIC = NO;
				GCC_NO_COMMON_BLOCKS = YES;
				GCC_OPTIMIZATION_LEVEL = 0;
				GCC_PREPROCESSOR_DEFINITIONS = (
					"DEBUG=1",
					"$(inherited)",
				);
				GCC_WARN_64_TO_32_BIT_CONVERSION = YES;
				GCC_WARN_ABOUT_RETURN_TYPE = YES_ERROR;
				GCC_WARN_UNDECLARED_SELECTOR = YES;
				GCC_WARN_UNINITIALIZED_AUTOS = YES_AGGRESSIVE;
				GCC_WARN_UNUSED_FUNCTION = YES;
				GCC_WARN_UNUSED_VARIABLE = YES;
				IPHONEOS_DEPLOYMENT_TARGET = 14.4;
				MTL_ENABLE_DEBUG_INFO = INCLUDE_SOURCE;
				MTL_FAST_MATH = YES;
				ONLY_ACTIVE_ARCH = YES;
				SDKROOT = iphoneos;
				SWIFT_ACTIVE_COMPILATION_CONDITIONS = DEBUG;
				SWIFT_OPTIMIZATION_LEVEL = "-Onone";
			};
			name = Debug;
		};
		42F11AC8262677C40079CE7B /* Release */ = {
			isa = XCBuildConfiguration;
			buildSettings = {
				ALWAYS_SEARCH_USER_PATHS = NO;
				CLANG_ANALYZER_NONNULL = YES;
				CLANG_ANALYZER_NUMBER_OBJECT_CONVERSION = YES_AGGRESSIVE;
				CLANG_CXX_LANGUAGE_STANDARD = "gnu++14";
				CLANG_CXX_LIBRARY = "libc++";
				CLANG_ENABLE_MODULES = YES;
				CLANG_ENABLE_OBJC_ARC = YES;
				CLANG_ENABLE_OBJC_WEAK = YES;
				CLANG_WARN_BLOCK_CAPTURE_AUTORELEASING = YES;
				CLANG_WARN_BOOL_CONVERSION = YES;
				CLANG_WARN_COMMA = YES;
				CLANG_WARN_CONSTANT_CONVERSION = YES;
				CLANG_WARN_DEPRECATED_OBJC_IMPLEMENTATIONS = YES;
				CLANG_WARN_DIRECT_OBJC_ISA_USAGE = YES_ERROR;
				CLANG_WARN_DOCUMENTATION_COMMENTS = YES;
				CLANG_WARN_EMPTY_BODY = YES;
				CLANG_WARN_ENUM_CONVERSION = YES;
				CLANG_WARN_INFINITE_RECURSION = YES;
				CLANG_WARN_INT_CONVERSION = YES;
				CLANG_WARN_NON_LITERAL_NULL_CONVERSION = YES;
				CLANG_WARN_OBJC_IMPLICIT_RETAIN_SELF = YES;
				CLANG_WARN_OBJC_LITERAL_CONVERSION = YES;
				CLANG_WARN_OBJC_ROOT_CLASS = YES_ERROR;
				CLANG_WARN_QUOTED_INCLUDE_IN_FRAMEWORK_HEADER = YES;
				CLANG_WARN_RANGE_LOOP_ANALYSIS = YES;
				CLANG_WARN_STRICT_PROTOTYPES = YES;
				CLANG_WARN_SUSPICIOUS_MOVE = YES;
				CLANG_WARN_UNGUARDED_AVAILABILITY = YES_AGGRESSIVE;
				CLANG_WARN_UNREACHABLE_CODE = YES;
				CLANG_WARN__DUPLICATE_METHOD_MATCH = YES;
				COPY_PHASE_STRIP = NO;
				DEBUG_INFORMATION_FORMAT = "dwarf-with-dsym";
				ENABLE_NS_ASSERTIONS = NO;
				ENABLE_STRICT_OBJC_MSGSEND = YES;
				GCC_C_LANGUAGE_STANDARD = gnu11;
				GCC_NO_COMMON_BLOCKS = YES;
				GCC_WARN_64_TO_32_BIT_CONVERSION = YES;
				GCC_WARN_ABOUT_RETURN_TYPE = YES_ERROR;
				GCC_WARN_UNDECLARED_SELECTOR = YES;
				GCC_WARN_UNINITIALIZED_AUTOS = YES_AGGRESSIVE;
				GCC_WARN_UNUSED_FUNCTION = YES;
				GCC_WARN_UNUSED_VARIABLE = YES;
				IPHONEOS_DEPLOYMENT_TARGET = 14.4;
				MTL_ENABLE_DEBUG_INFO = NO;
				MTL_FAST_MATH = YES;
				SDKROOT = iphoneos;
				SWIFT_COMPILATION_MODE = wholemodule;
				SWIFT_OPTIMIZATION_LEVEL = "-O";
				VALIDATE_PRODUCT = YES;
			};
			name = Release;
		};
		42F11ACA262677C40079CE7B /* Debug */ = {
			isa = XCBuildConfiguration;
			buildSettings = {
				ASSETCATALOG_COMPILER_APPICON_NAME = AppIcon;
				ASSETCATALOG_COMPILER_GLOBAL_ACCENT_COLOR_NAME = AccentColor;
				CODE_SIGN_STYLE = Automatic;
				DEVELOPMENT_ASSET_PATHS = "\"TestCloudKitFeatureFlagsiOS/Preview Content\"";
				DEVELOPMENT_TEAM = 7G2XZXD8B4;
				ENABLE_PREVIEWS = YES;
				INFOPLIST_FILE = TestCloudKitFeatureFlagsiOS/Info.plist;
				LD_RUNPATH_SEARCH_PATHS = (
					"$(inherited)",
					"@executable_path/Frameworks",
				);
				PRODUCT_BUNDLE_IDENTIFIER = com.rmalhotra.TestCloudKitFeatureFlagsiOS;
				PRODUCT_NAME = "$(TARGET_NAME)";
				SWIFT_VERSION = 5.0;
				TARGETED_DEVICE_FAMILY = "1,2";
			};
			name = Debug;
		};
		42F11ACB262677C40079CE7B /* Release */ = {
			isa = XCBuildConfiguration;
			buildSettings = {
				ASSETCATALOG_COMPILER_APPICON_NAME = AppIcon;
				ASSETCATALOG_COMPILER_GLOBAL_ACCENT_COLOR_NAME = AccentColor;
				CODE_SIGN_STYLE = Automatic;
				DEVELOPMENT_ASSET_PATHS = "\"TestCloudKitFeatureFlagsiOS/Preview Content\"";
				DEVELOPMENT_TEAM = 7G2XZXD8B4;
				ENABLE_PREVIEWS = YES;
				INFOPLIST_FILE = TestCloudKitFeatureFlagsiOS/Info.plist;
				LD_RUNPATH_SEARCH_PATHS = (
					"$(inherited)",
					"@executable_path/Frameworks",
				);
				PRODUCT_BUNDLE_IDENTIFIER = com.rmalhotra.TestCloudKitFeatureFlagsiOS;
				PRODUCT_NAME = "$(TARGET_NAME)";
				SWIFT_VERSION = 5.0;
				TARGETED_DEVICE_FAMILY = "1,2";
			};
			name = Release;
		};
		42F11ACD262677C40079CE7B /* Debug */ = {
			isa = XCBuildConfiguration;
			buildSettings = {
				ALWAYS_EMBED_SWIFT_STANDARD_LIBRARIES = YES;
				BUNDLE_LOADER = "$(TEST_HOST)";
				CODE_SIGN_STYLE = Automatic;
				DEVELOPMENT_TEAM = 7G2XZXD8B4;
				INFOPLIST_FILE = TestCloudKitFeatureFlagsiOSTests/Info.plist;
				IPHONEOS_DEPLOYMENT_TARGET = 14.4;
				LD_RUNPATH_SEARCH_PATHS = (
					"$(inherited)",
					"@executable_path/Frameworks",
					"@loader_path/Frameworks",
				);
				PRODUCT_BUNDLE_IDENTIFIER = com.rmalhotra.TestCloudKitFeatureFlagsiOSTests;
				PRODUCT_NAME = "$(TARGET_NAME)";
				SWIFT_VERSION = 5.0;
				TARGETED_DEVICE_FAMILY = "1,2";
				TEST_HOST = "$(BUILT_PRODUCTS_DIR)/TestCloudKitFeatureFlagsiOS.app/TestCloudKitFeatureFlagsiOS";
			};
			name = Debug;
		};
		42F11ACE262677C40079CE7B /* Release */ = {
			isa = XCBuildConfiguration;
			buildSettings = {
				ALWAYS_EMBED_SWIFT_STANDARD_LIBRARIES = YES;
				BUNDLE_LOADER = "$(TEST_HOST)";
				CODE_SIGN_STYLE = Automatic;
				DEVELOPMENT_TEAM = 7G2XZXD8B4;
				INFOPLIST_FILE = TestCloudKitFeatureFlagsiOSTests/Info.plist;
				IPHONEOS_DEPLOYMENT_TARGET = 14.4;
				LD_RUNPATH_SEARCH_PATHS = (
					"$(inherited)",
					"@executable_path/Frameworks",
					"@loader_path/Frameworks",
				);
				PRODUCT_BUNDLE_IDENTIFIER = com.rmalhotra.TestCloudKitFeatureFlagsiOSTests;
				PRODUCT_NAME = "$(TARGET_NAME)";
				SWIFT_VERSION = 5.0;
				TARGETED_DEVICE_FAMILY = "1,2";
				TEST_HOST = "$(BUILT_PRODUCTS_DIR)/TestCloudKitFeatureFlagsiOS.app/TestCloudKitFeatureFlagsiOS";
			};
			name = Release;
		};
		42F11AD0262677C40079CE7B /* Debug */ = {
			isa = XCBuildConfiguration;
			buildSettings = {
				ALWAYS_EMBED_SWIFT_STANDARD_LIBRARIES = YES;
				CODE_SIGN_STYLE = Automatic;
				DEVELOPMENT_TEAM = 7G2XZXD8B4;
				INFOPLIST_FILE = TestCloudKitFeatureFlagsiOSUITests/Info.plist;
				LD_RUNPATH_SEARCH_PATHS = (
					"$(inherited)",
					"@executable_path/Frameworks",
					"@loader_path/Frameworks",
				);
				PRODUCT_BUNDLE_IDENTIFIER = com.rmalhotra.TestCloudKitFeatureFlagsiOSUITests;
				PRODUCT_NAME = "$(TARGET_NAME)";
				SWIFT_VERSION = 5.0;
				TARGETED_DEVICE_FAMILY = "1,2";
				TEST_TARGET_NAME = TestCloudKitFeatureFlagsiOS;
			};
			name = Debug;
		};
		42F11AD1262677C40079CE7B /* Release */ = {
			isa = XCBuildConfiguration;
			buildSettings = {
				ALWAYS_EMBED_SWIFT_STANDARD_LIBRARIES = YES;
				CODE_SIGN_STYLE = Automatic;
				DEVELOPMENT_TEAM = 7G2XZXD8B4;
				INFOPLIST_FILE = TestCloudKitFeatureFlagsiOSUITests/Info.plist;
				LD_RUNPATH_SEARCH_PATHS = (
					"$(inherited)",
					"@executable_path/Frameworks",
					"@loader_path/Frameworks",
				);
				PRODUCT_BUNDLE_IDENTIFIER = com.rmalhotra.TestCloudKitFeatureFlagsiOSUITests;
				PRODUCT_NAME = "$(TARGET_NAME)";
				SWIFT_VERSION = 5.0;
				TARGETED_DEVICE_FAMILY = "1,2";
				TEST_TARGET_NAME = TestCloudKitFeatureFlagsiOS;
			};
			name = Release;
		};
/* End XCBuildConfiguration section */

/* Begin XCConfigurationList section */
		42F11A9A262677C20079CE7B /* Build configuration list for PBXProject "TestCloudKitFeatureFlagsiOS" */ = {
			isa = XCConfigurationList;
			buildConfigurations = (
				42F11AC7262677C40079CE7B /* Debug */,
				42F11AC8262677C40079CE7B /* Release */,
			);
			defaultConfigurationIsVisible = 0;
			defaultConfigurationName = Release;
		};
		42F11AC9262677C40079CE7B /* Build configuration list for PBXNativeTarget "TestCloudKitFeatureFlagsiOS" */ = {
			isa = XCConfigurationList;
			buildConfigurations = (
				42F11ACA262677C40079CE7B /* Debug */,
				42F11ACB262677C40079CE7B /* Release */,
			);
			defaultConfigurationIsVisible = 0;
			defaultConfigurationName = Release;
		};
		42F11ACC262677C40079CE7B /* Build configuration list for PBXNativeTarget "TestCloudKitFeatureFlagsiOSTests" */ = {
			isa = XCConfigurationList;
			buildConfigurations = (
				42F11ACD262677C40079CE7B /* Debug */,
				42F11ACE262677C40079CE7B /* Release */,
			);
			defaultConfigurationIsVisible = 0;
			defaultConfigurationName = Release;
		};
		42F11ACF262677C40079CE7B /* Build configuration list for PBXNativeTarget "TestCloudKitFeatureFlagsiOSUITests" */ = {
			isa = XCConfigurationList;
			buildConfigurations = (
				42F11AD0262677C40079CE7B /* Debug */,
				42F11AD1262677C40079CE7B /* Release */,
			);
			defaultConfigurationIsVisible = 0;
			defaultConfigurationName = Release;
		};
/* End XCConfigurationList section */
	};
	rootObject = 42F11A97262677C20079CE7B /* Project object */;
}
